// !$*UTF8*$!
{
	archiveVersion = 1;
	classes = {
	};
	objectVersion = 56;
	objects = {

/* Begin PBXBuildFile section */
		B73DE0E72BF38BD700B06B6A /* AppDelegate.swift in Sources */ = {isa = PBXBuildFile; fileRef = B73DE0E62BF38BD700B06B6A /* AppDelegate.swift */; };
		B73DE0E92BF38BD700B06B6A /* SceneDelegate.swift in Sources */ = {isa = PBXBuildFile; fileRef = B73DE0E82BF38BD700B06B6A /* SceneDelegate.swift */; };
		B73DE0EE2BF38BD700B06B6A /* Base in Resources */ = {isa = PBXBuildFile; fileRef = B73DE0ED2BF38BD700B06B6A /* Base */; };
		B73DE0F12BF38BD700B06B6A /* CurtinAiro.xcdatamodeld in Sources */ = {isa = PBXBuildFile; fileRef = B73DE0EF2BF38BD700B06B6A /* CurtinAiro.xcdatamodeld */; };
		B73DE0F32BF38BD900B06B6A /* Assets.xcassets in Resources */ = {isa = PBXBuildFile; fileRef = B73DE0F22BF38BD900B06B6A /* Assets.xcassets */; };
		B73DE0F62BF38BD900B06B6A /* Base in Resources */ = {isa = PBXBuildFile; fileRef = B73DE0F52BF38BD900B06B6A /* Base */; };
		B73DE0FE2BF38E4900B06B6A /* AddFlightTableViewController.swift in Sources */ = {isa = PBXBuildFile; fileRef = B73DE0FD2BF38E4900B06B6A /* AddFlightTableViewController.swift */; };
/* End PBXBuildFile section */

/* Begin PBXFileReference section */
		B73DE0E32BF38BD700B06B6A /* CurtinAiro.app */ = {isa = PBXFileReference; explicitFileType = wrapper.application; includeInIndex = 0; path = CurtinAiro.app; sourceTree = BUILT_PRODUCTS_DIR; };
		B73DE0E62BF38BD700B06B6A /* AppDelegate.swift */ = {isa = PBXFileReference; lastKnownFileType = sourcecode.swift; path = AppDelegate.swift; sourceTree = "<group>"; };
		B73DE0E82BF38BD700B06B6A /* SceneDelegate.swift */ = {isa = PBXFileReference; lastKnownFileType = sourcecode.swift; path = SceneDelegate.swift; sourceTree = "<group>"; };
		B73DE0ED2BF38BD700B06B6A /* Base */ = {isa = PBXFileReference; lastKnownFileType = file.storyboard; name = Base; path = Base.lproj/Main.storyboard; sourceTree = "<group>"; };
		B73DE0F02BF38BD700B06B6A /* CurtinAiro.xcdatamodel */ = {isa = PBXFileReference; lastKnownFileType = wrapper.xcdatamodel; path = CurtinAiro.xcdatamodel; sourceTree = "<group>"; };
		B73DE0F22BF38BD900B06B6A /* Assets.xcassets */ = {isa = PBXFileReference; lastKnownFileType = folder.assetcatalog; path = Assets.xcassets; sourceTree = "<group>"; };
		B73DE0F52BF38BD900B06B6A /* Base */ = {isa = PBXFileReference; lastKnownFileType = file.storyboard; name = Base; path = Base.lproj/LaunchScreen.storyboard; sourceTree = "<group>"; };
		B73DE0F72BF38BD900B06B6A /* Info.plist */ = {isa = PBXFileReference; lastKnownFileType = text.plist.xml; path = Info.plist; sourceTree = "<group>"; };
		B73DE0FD2BF38E4900B06B6A /* AddFlightTableViewController.swift */ = {isa = PBXFileReference; lastKnownFileType = sourcecode.swift; path = AddFlightTableViewController.swift; sourceTree = "<group>"; };
/* End PBXFileReference section */

/* Begin PBXFrameworksBuildPhase section */
		B73DE0E02BF38BD700B06B6A /* Frameworks */ = {
			isa = PBXFrameworksBuildPhase;
			buildActionMask = 2147483647;
			files = (
			);
			runOnlyForDeploymentPostprocessing = 0;
		};
/* End PBXFrameworksBuildPhase section */

/* Begin PBXGroup section */
		B73DE0DA2BF38BD700B06B6A = {
			isa = PBXGroup;
			children = (
				B73DE0E52BF38BD700B06B6A /* CurtinAiro */,
				B73DE0E42BF38BD700B06B6A /* Products */,
			);
			sourceTree = "<group>";
		};
		B73DE0E42BF38BD700B06B6A /* Products */ = {
			isa = PBXGroup;
			children = (
				B73DE0E32BF38BD700B06B6A /* CurtinAiro.app */,
			);
			name = Products;
			sourceTree = "<group>";
		};
		B73DE0E52BF38BD700B06B6A /* CurtinAiro */ = {
			isa = PBXGroup;
			children = (
				B73DE0E62BF38BD700B06B6A /* AppDelegate.swift */,
				B73DE0E82BF38BD700B06B6A /* SceneDelegate.swift */,
				B73DE0EC2BF38BD700B06B6A /* Main.storyboard */,
				B73DE0FD2BF38E4900B06B6A /* AddFlightTableViewController.swift */,
				B73DE0F22BF38BD900B06B6A /* Assets.xcassets */,
				B73DE0F42BF38BD900B06B6A /* LaunchScreen.storyboard */,
				B73DE0F72BF38BD900B06B6A /* Info.plist */,
				B73DE0EF2BF38BD700B06B6A /* CurtinAiro.xcdatamodeld */,
			);
			path = CurtinAiro;
			sourceTree = "<group>";
		};
/* End PBXGroup section */

/* Begin PBXNativeTarget section */
		B73DE0E22BF38BD700B06B6A /* CurtinAiro */ = {
			isa = PBXNativeTarget;
			buildConfigurationList = B73DE0FA2BF38BD900B06B6A /* Build configuration list for PBXNativeTarget "CurtinAiro" */;
			buildPhases = (
				B73DE0DF2BF38BD700B06B6A /* Sources */,
				B73DE0E02BF38BD700B06B6A /* Frameworks */,
				B73DE0E12BF38BD700B06B6A /* Resources */,
			);
			buildRules = (
			);
			dependencies = (
			);
			name = CurtinAiro;
			productName = CurtinAiro;
			productReference = B73DE0E32BF38BD700B06B6A /* CurtinAiro.app */;
			productType = "com.apple.product-type.application";
		};
/* End PBXNativeTarget section */

/* Begin PBXProject section */
		B73DE0DB2BF38BD700B06B6A /* Project object */ = {
			isa = PBXProject;
			attributes = {
				BuildIndependentTargetsInParallel = 1;
				LastSwiftUpdateCheck = 1530;
				LastUpgradeCheck = 1530;
				TargetAttributes = {
					B73DE0E22BF38BD700B06B6A = {
						CreatedOnToolsVersion = 15.3;
					};
				};
			};
			buildConfigurationList = B73DE0DE2BF38BD700B06B6A /* Build configuration list for PBXProject "CurtinAiro" */;
			compatibilityVersion = "Xcode 14.0";
			developmentRegion = en;
			hasScannedForEncodings = 0;
			knownRegions = (
				en,
				Base,
			);
			mainGroup = B73DE0DA2BF38BD700B06B6A;
			productRefGroup = B73DE0E42BF38BD700B06B6A /* Products */;
			projectDirPath = "";
			projectRoot = "";
			targets = (
				B73DE0E22BF38BD700B06B6A /* CurtinAiro */,
			);
		};
/* End PBXProject section */

/* Begin PBXResourcesBuildPhase section */
		B73DE0E12BF38BD700B06B6A /* Resources */ = {
			isa = PBXResourcesBuildPhase;
			buildActionMask = 2147483647;
			files = (
				B73DE0F32BF38BD900B06B6A /* Assets.xcassets in Resources */,
				B73DE0F62BF38BD900B06B6A /* Base in Resources */,
				B73DE0EE2BF38BD700B06B6A /* Base in Resources */,
			);
			runOnlyForDeploymentPostprocessing = 0;
		};
/* End PBXResourcesBuildPhase section */

/* Begin PBXSourcesBuildPhase section */
		B73DE0DF2BF38BD700B06B6A /* Sources */ = {
			isa = PBXSourcesBuildPhase;
			buildActionMask = 2147483647;
			files = (
				B73DE0E72BF38BD700B06B6A /* AppDelegate.swift in Sources */,
				B73DE0E92BF38BD700B06B6A /* SceneDelegate.swift in Sources */,
				B73DE0F12BF38BD700B06B6A /* CurtinAiro.xcdatamodeld in Sources */,
				B73DE0FE2BF38E4900B06B6A /* AddFlightTableViewController.swift in Sources */,
			);
			runOnlyForDeploymentPostprocessing = 0;
		};
/* End PBXSourcesBuildPhase section */

/* Begin PBXVariantGroup section */
		B73DE0EC2BF38BD700B06B6A /* Main.storyboard */ = {
			isa = PBXVariantGroup;
			children = (
				B73DE0ED2BF38BD700B06B6A /* Base */,
			);
			name = Main.storyboard;
			sourceTree = "<group>";
		};
		B73DE0F42BF38BD900B06B6A /* LaunchScreen.storyboard */ = {
			isa = PBXVariantGroup;
			children = (
				B73DE0F52BF38BD900B06B6A /* Base */,
			);
			name = LaunchScreen.storyboard;
			sourceTree = "<group>";
		};
/* End PBXVariantGroup section */

/* Begin XCBuildConfiguration section */
		B73DE0F82BF38BD900B06B6A /* Debug */ = {
			isa = XCBuildConfiguration;
			buildSettings = {
				ALWAYS_SEARCH_USER_PATHS = NO;
				ASSETCATALOG_COMPILER_GENERATE_SWIFT_ASSET_SYMBOL_EXTENSIONS = YES;
				CLANG_ANALYZER_NONNULL = YES;
				CLANG_ANALYZER_NUMBER_OBJECT_CONVERSION = YES_AGGRESSIVE;
				CLANG_CXX_LANGUAGE_STANDARD = "gnu++20";
				CLANG_ENABLE_MODULES = YES;
				CLANG_ENABLE_OBJC_ARC = YES;
				CLANG_ENABLE_OBJC_WEAK = YES;
				CLANG_WARN_BLOCK_CAPTURE_AUTORELEASING = YES;
				CLANG_WARN_BOOL_CONVERSION = YES;
				CLANG_WARN_COMMA = YES;
				CLANG_WARN_CONSTANT_CONVERSION = YES;
				CLANG_WARN_DEPRECATED_OBJC_IMPLEMENTATIONS = YES;
				CLANG_WARN_DIRECT_OBJC_ISA_USAGE = YES_ERROR;
				CLANG_WARN_DOCUMENTATION_COMMENTS = YES;
				CLANG_WARN_EMPTY_BODY = YES;
				CLANG_WARN_ENUM_CONVERSION = YES;
				CLANG_WARN_INFINITE_RECURSION = YES;
				CLANG_WARN_INT_CONVERSION = YES;
				CLANG_WARN_NON_LITERAL_NULL_CONVERSION = YES;
				CLANG_WARN_OBJC_IMPLICIT_RETAIN_SELF = YES;
				CLANG_WARN_OBJC_LITERAL_CONVERSION = YES;
				CLANG_WARN_OBJC_ROOT_CLASS = YES_ERROR;
				CLANG_WARN_QUOTED_INCLUDE_IN_FRAMEWORK_HEADER = YES;
				CLANG_WARN_RANGE_LOOP_ANALYSIS = YES;
				CLANG_WARN_STRICT_PROTOTYPES = YES;
				CLANG_WARN_SUSPICIOUS_MOVE = YES;
				CLANG_WARN_UNGUARDED_AVAILABILITY = YES_AGGRESSIVE;
				CLANG_WARN_UNREACHABLE_CODE = YES;
				CLANG_WARN__DUPLICATE_METHOD_MATCH = YES;
				COPY_PHASE_STRIP = NO;
				DEBUG_INFORMATION_FORMAT = dwarf;
				ENABLE_STRICT_OBJC_MSGSEND = YES;
				ENABLE_TESTABILITY = YES;
				ENABLE_USER_SCRIPT_SANDBOXING = YES;
				GCC_C_LANGUAGE_STANDARD = gnu17;
				GCC_DYNAMIC_NO_PIC = NO;
				GCC_NO_COMMON_BLOCKS = YES;
				GCC_OPTIMIZATION_LEVEL = 0;
				GCC_PREPROCESSOR_DEFINITIONS = (
					"DEBUG=1",
					"$(inherited)",
				);
				GCC_WARN_64_TO_32_BIT_CONVERSION = YES;
				GCC_WARN_ABOUT_RETURN_TYPE = YES_ERROR;
				GCC_WARN_UNDECLARED_SELECTOR = YES;
				GCC_WARN_UNINITIALIZED_AUTOS = YES_AGGRESSIVE;
				GCC_WARN_UNUSED_FUNCTION = YES;
				GCC_WARN_UNUSED_VARIABLE = YES;
				IPHONEOS_DEPLOYMENT_TARGET = 17.4;
				LOCALIZATION_PREFERS_STRING_CATALOGS = YES;
				MTL_ENABLE_DEBUG_INFO = INCLUDE_SOURCE;
				MTL_FAST_MATH = YES;
				ONLY_ACTIVE_ARCH = YES;
				SDKROOT = iphoneos;
				SWIFT_ACTIVE_COMPILATION_CONDITIONS = "DEBUG $(inherited)";
				SWIFT_OPTIMIZATION_LEVEL = "-Onone";
			};
			name = Debug;
		};
		B73DE0F92BF38BD900B06B6A /* Release */ = {
			isa = XCBuildConfiguration;
			buildSettings = {
				ALWAYS_SEARCH_USER_PATHS = NO;
				ASSETCATALOG_COMPILER_GENERATE_SWIFT_ASSET_SYMBOL_EXTENSIONS = YES;
				CLANG_ANALYZER_NONNULL = YES;
				CLANG_ANALYZER_NUMBER_OBJECT_CONVERSION = YES_AGGRESSIVE;
				CLANG_CXX_LANGUAGE_STANDARD = "gnu++20";
				CLANG_ENABLE_MODULES = YES;
				CLANG_ENABLE_OBJC_ARC = YES;
				CLANG_ENABLE_OBJC_WEAK = YES;
				CLANG_WARN_BLOCK_CAPTURE_AUTORELEASING = YES;
				CLANG_WARN_BOOL_CONVERSION = YES;
				CLANG_WARN_COMMA = YES;
				CLANG_WARN_CONSTANT_CONVERSION = YES;
				CLANG_WARN_DEPRECATED_OBJC_IMPLEMENTATIONS = YES;
				CLANG_WARN_DIRECT_OBJC_ISA_USAGE = YES_ERROR;
				CLANG_WARN_DOCUMENTATION_COMMENTS = YES;
				CLANG_WARN_EMPTY_BODY = YES;
				CLANG_WARN_ENUM_CONVERSION = YES;
				CLANG_WARN_INFINITE_RECURSION = YES;
				CLANG_WARN_INT_CONVERSION = YES;
				CLANG_WARN_NON_LITERAL_NULL_CONVERSION = YES;
				CLANG_WARN_OBJC_IMPLICIT_RETAIN_SELF = YES;
				CLANG_WARN_OBJC_LITERAL_CONVERSION = YES;
				CLANG_WARN_OBJC_ROOT_CLASS = YES_ERROR;
				CLANG_WARN_QUOTED_INCLUDE_IN_FRAMEWORK_HEADER = YES;
				CLANG_WARN_RANGE_LOOP_ANALYSIS = YES;
				CLANG_WARN_STRICT_PROTOTYPES = YES;
				CLANG_WARN_SUSPICIOUS_MOVE = YES;
				CLANG_WARN_UNGUARDED_AVAILABILITY = YES_AGGRESSIVE;
				CLANG_WARN_UNREACHABLE_CODE = YES;
				CLANG_WARN__DUPLICATE_METHOD_MATCH = YES;
				COPY_PHASE_STRIP = NO;
				DEBUG_INFORMATION_FORMAT = "dwarf-with-dsym";
				ENABLE_NS_ASSERTIONS = NO;
				ENABLE_STRICT_OBJC_MSGSEND = YES;
				ENABLE_USER_SCRIPT_SANDBOXING = YES;
				GCC_C_LANGUAGE_STANDARD = gnu17;
				GCC_NO_COMMON_BLOCKS = YES;
				GCC_WARN_64_TO_32_BIT_CONVERSION = YES;
				GCC_WARN_ABOUT_RETURN_TYPE = YES_ERROR;
				GCC_WARN_UNDECLARED_SELECTOR = YES;
				GCC_WARN_UNINITIALIZED_AUTOS = YES_AGGRESSIVE;
				GCC_WARN_UNUSED_FUNCTION = YES;
				GCC_WARN_UNUSED_VARIABLE = YES;
				IPHONEOS_DEPLOYMENT_TARGET = 17.4;
				LOCALIZATION_PREFERS_STRING_CATALOGS = YES;
				MTL_ENABLE_DEBUG_INFO = NO;
				MTL_FAST_MATH = YES;
				SDKROOT = iphoneos;
				SWIFT_COMPILATION_MODE = wholemodule;
				VALIDATE_PRODUCT = YES;
			};
			name = Release;
		};
		B73DE0FB2BF38BD900B06B6A /* Debug */ = {
			isa = XCBuildConfiguration;
			buildSettings = {
				ASSETCATALOG_COMPILER_APPICON_NAME = AppIcon;
				ASSETCATALOG_COMPILER_GLOBAL_ACCENT_COLOR_NAME = AccentColor;
				CODE_SIGN_STYLE = Automatic;
				CURRENT_PROJECT_VERSION = 1;
				GENERATE_INFOPLIST_FILE = YES;
				INFOPLIST_FILE = CurtinAiro/Info.plist;
				INFOPLIST_KEY_UIApplicationSupportsIndirectInputEvents = YES;
				INFOPLIST_KEY_UILaunchStoryboardName = LaunchScreen;
				INFOPLIST_KEY_UIMainStoryboardFile = Main;
				INFOPLIST_KEY_UISupportedInterfaceOrientations_iPad = "UIInterfaceOrientationPortrait UIInterfaceOrientationPortraitUpsideDown UIInterfaceOrientationLandscapeLeft UIInterfaceOrientationLandscapeRight";
				INFOPLIST_KEY_UISupportedInterfaceOrientations_iPhone = "UIInterfaceOrientationPortrait UIInterfaceOrientationLandscapeLeft UIInterfaceOrientationLandscapeRight";
				LD_RUNPATH_SEARCH_PATHS = (
					"$(inherited)",
					"@executable_path/Frameworks",
				);
				MARKETING_VERSION = 1.0;
				PRODUCT_BUNDLE_IDENTIFIER = aap.org.CurtinAiro;
				PRODUCT_NAME = "$(TARGET_NAME)";
				SWIFT_EMIT_LOC_STRINGS = YES;
				SWIFT_VERSION = 5.0;
				TARGETED_DEVICE_FAMILY = "1,2";
			};
			name = Debug;
		};
		B73DE0FC2BF38BD900B06B6A /* Release */ = {
			isa = XCBuildConfiguration;
			buildSettings = {
				ASSETCATALOG_COMPILER_APPICON_NAME = AppIcon;
				ASSETCATALOG_COMPILER_GLOBAL_ACCENT_COLOR_NAME = AccentColor;
				CODE_SIGN_STYLE = Automatic;
				CURRENT_PROJECT_VERSION = 1;
				GENERATE_INFOPLIST_FILE = YES;
				INFOPLIST_FILE = CurtinAiro/Info.plist;
				INFOPLIST_KEY_UIApplicationSupportsIndirectInputEvents = YES;
				INFOPLIST_KEY_UILaunchStoryboardName = LaunchScreen;
				INFOPLIST_KEY_UIMainStoryboardFile = Main;
				INFOPLIST_KEY_UISupportedInterfaceOrientations_iPad = "UIInterfaceOrientationPortrait UIInterfaceOrientationPortraitUpsideDown UIInterfaceOrientationLandscapeLeft UIInterfaceOrientationLandscapeRight";
				INFOPLIST_KEY_UISupportedInterfaceOrientations_iPhone = "UIInterfaceOrientationPortrait UIInterfaceOrientationLandscapeLeft UIInterfaceOrientationLandscapeRight";
				LD_RUNPATH_SEARCH_PATHS = (
					"$(inherited)",
					"@executable_path/Frameworks",
				);
				MARKETING_VERSION = 1.0;
				PRODUCT_BUNDLE_IDENTIFIER = aap.org.CurtinAiro;
				PRODUCT_NAME = "$(TARGET_NAME)";
				SWIFT_EMIT_LOC_STRINGS = YES;
				SWIFT_VERSION = 5.0;
				TARGETED_DEVICE_FAMILY = "1,2";
			};
			name = Release;
		};
/* End XCBuildConfiguration section */

/* Begin XCConfigurationList section */
		B73DE0DE2BF38BD700B06B6A /* Build configuration list for PBXProject "CurtinAiro" */ = {
			isa = XCConfigurationList;
			buildConfigurations = (
				B73DE0F82BF38BD900B06B6A /* Debug */,
				B73DE0F92BF38BD900B06B6A /* Release */,
			);
			defaultConfigurationIsVisible = 0;
			defaultConfigurationName = Release;
		};
		B73DE0FA2BF38BD900B06B6A /* Build configuration list for PBXNativeTarget "CurtinAiro" */ = {
			isa = XCConfigurationList;
			buildConfigurations = (
				B73DE0FB2BF38BD900B06B6A /* Debug */,
				B73DE0FC2BF38BD900B06B6A /* Release */,
			);
			defaultConfigurationIsVisible = 0;
			defaultConfigurationName = Release;
		};
/* End XCConfigurationList section */

/* Begin XCVersionGroup section */
		B73DE0EF2BF38BD700B06B6A /* CurtinAiro.xcdatamodeld */ = {
			isa = XCVersionGroup;
			children = (
				B73DE0F02BF38BD700B06B6A /* CurtinAiro.xcdatamodel */,
			);
			currentVersion = B73DE0F02BF38BD700B06B6A /* CurtinAiro.xcdatamodel */;
			path = CurtinAiro.xcdatamodeld;
			sourceTree = "<group>";
			versionGroupType = wrapper.xcdatamodel;
		};
/* End XCVersionGroup section */
	};
	rootObject = B73DE0DB2BF38BD700B06B6A /* Project object */;
}
